// !$*UTF8*$!
{
	archiveVersion = 1;
	classes = {
	};
	objectVersion = 46;
	objects = {

/* Begin PBXBuildFile section */
		8E39A9CE1D98CF2E00D3F80E /* AppDelegate.swift in Sources */ = {isa = PBXBuildFile; fileRef = 8E39A9CD1D98CF2E00D3F80E /* AppDelegate.swift */; };
		8E39A9D01D98CF2E00D3F80E /* ViewController.swift in Sources */ = {isa = PBXBuildFile; fileRef = 8E39A9CF1D98CF2E00D3F80E /* ViewController.swift */; };
		8E39A9D31D98CF2E00D3F80E /* Main.storyboard in Resources */ = {isa = PBXBuildFile; fileRef = 8E39A9D11D98CF2E00D3F80E /* Main.storyboard */; };
		8E39A9D51D98CF2E00D3F80E /* Assets.xcassets in Resources */ = {isa = PBXBuildFile; fileRef = 8E39A9D41D98CF2E00D3F80E /* Assets.xcassets */; };
		8E39A9D81D98CF2E00D3F80E /* LaunchScreen.storyboard in Resources */ = {isa = PBXBuildFile; fileRef = 8E39A9D61D98CF2E00D3F80E /* LaunchScreen.storyboard */; };
/* End PBXBuildFile section */

/* Begin PBXFileReference section */
		8E39A9CA1D98CF2E00D3F80E /* Millas a Metros.app */ = {isa = PBXFileReference; explicitFileType = wrapper.application; includeInIndex = 0; path = "Millas a Metros.app"; sourceTree = BUILT_PRODUCTS_DIR; };
		8E39A9CD1D98CF2E00D3F80E /* AppDelegate.swift */ = {isa = PBXFileReference; lastKnownFileType = sourcecode.swift; path = AppDelegate.swift; sourceTree = "<group>"; };
		8E39A9CF1D98CF2E00D3F80E /* ViewController.swift */ = {isa = PBXFileReference; lastKnownFileType = sourcecode.swift; path = ViewController.swift; sourceTree = "<group>"; };
		8E39A9D21D98CF2E00D3F80E /* Base */ = {isa = PBXFileReference; lastKnownFileType = file.storyboard; name = Base; path = Base.lproj/Main.storyboard; sourceTree = "<group>"; };
		8E39A9D41D98CF2E00D3F80E /* Assets.xcassets */ = {isa = PBXFileReference; lastKnownFileType = folder.assetcatalog; path = Assets.xcassets; sourceTree = "<group>"; };
		8E39A9D71D98CF2E00D3F80E /* Base */ = {isa = PBXFileReference; lastKnownFileType = file.storyboard; name = Base; path = Base.lproj/LaunchScreen.storyboard; sourceTree = "<group>"; };
		8E39A9D91D98CF2E00D3F80E /* Info.plist */ = {isa = PBXFileReference; lastKnownFileType = text.plist.xml; path = Info.plist; sourceTree = "<group>"; };
/* End PBXFileReference section */

/* Begin PBXFrameworksBuildPhase section */
		8E39A9C71D98CF2E00D3F80E /* Frameworks */ = {
			isa = PBXFrameworksBuildPhase;
			buildActionMask = 2147483647;
			files = (
			);
			runOnlyForDeploymentPostprocessing = 0;
		};
/* End PBXFrameworksBuildPhase section */

/* Begin PBXGroup section */
		8E39A9C11D98CF2E00D3F80E = {
			isa = PBXGroup;
			children = (
				8E39A9CC1D98CF2E00D3F80E /* Millas a Metros */,
				8E39A9CB1D98CF2E00D3F80E /* Products */,
			);
			sourceTree = "<group>";
		};
		8E39A9CB1D98CF2E00D3F80E /* Products */ = {
			isa = PBXGroup;
			children = (
				8E39A9CA1D98CF2E00D3F80E /* Millas a Metros.app */,
			);
			name = Products;
			sourceTree = "<group>";
		};
		8E39A9CC1D98CF2E00D3F80E /* Millas a Metros */ = {
			isa = PBXGroup;
			children = (
				8E39A9CD1D98CF2E00D3F80E /* AppDelegate.swift */,
				8E39A9CF1D98CF2E00D3F80E /* ViewController.swift */,
				8E39A9D11D98CF2E00D3F80E /* Main.storyboard */,
				8E39A9D41D98CF2E00D3F80E /* Assets.xcassets */,
				8E39A9D61D98CF2E00D3F80E /* LaunchScreen.storyboard */,
				8E39A9D91D98CF2E00D3F80E /* Info.plist */,
			);
			path = "Millas a Metros";
			sourceTree = "<group>";
		};
/* End PBXGroup section */

/* Begin PBXNativeTarget section */
		8E39A9C91D98CF2E00D3F80E /* Millas a Metros */ = {
			isa = PBXNativeTarget;
			buildConfigurationList = 8E39A9DC1D98CF2E00D3F80E /* Build configuration list for PBXNativeTarget "Millas a Metros" */;
			buildPhases = (
				8E39A9C61D98CF2E00D3F80E /* Sources */,
				8E39A9C71D98CF2E00D3F80E /* Frameworks */,
				8E39A9C81D98CF2E00D3F80E /* Resources */,
			);
			buildRules = (
			);
			dependencies = (
			);
			name = "Millas a Metros";
			productName = "Millas a Metros";
			productReference = 8E39A9CA1D98CF2E00D3F80E /* Millas a Metros.app */;
			productType = "com.apple.product-type.application";
		};
/* End PBXNativeTarget section */

/* Begin PBXProject section */
		8E39A9C21D98CF2E00D3F80E /* Project object */ = {
			isa = PBXProject;
			attributes = {
				LastSwiftUpdateCheck = 0800;
				LastUpgradeCheck = 0800;
				ORGANIZATIONNAME = "Abraham Barcenas M";
				TargetAttributes = {
					8E39A9C91D98CF2E00D3F80E = {
						CreatedOnToolsVersion = 8.0;
						ProvisioningStyle = Automatic;
					};
				};
			};
			buildConfigurationList = 8E39A9C51D98CF2E00D3F80E /* Build configuration list for PBXProject "Millas a Metros" */;
			compatibilityVersion = "Xcode 3.2";
			developmentRegion = English;
			hasScannedForEncodings = 0;
			knownRegions = (
				en,
				Base,
			);
			mainGroup = 8E39A9C11D98CF2E00D3F80E;
			productRefGroup = 8E39A9CB1D98CF2E00D3F80E /* Products */;
			projectDirPath = "";
			projectRoot = "";
			targets = (
				8E39A9C91D98CF2E00D3F80E /* Millas a Metros */,
			);
		};
/* End PBXProject section */

/* Begin PBXResourcesBuildPhase section */
		8E39A9C81D98CF2E00D3F80E /* Resources */ = {
			isa = PBXResourcesBuildPhase;
			buildActionMask = 2147483647;
			files = (
				8E39A9D81D98CF2E00D3F80E /* LaunchScreen.storyboard in Resources */,
				8E39A9D51D98CF2E00D3F80E /* Assets.xcassets in Resources */,
				8E39A9D31D98CF2E00D3F80E /* Main.storyboard in Resources */,
			);
			runOnlyForDeploymentPostprocessing = 0;
		};
/* End PBXResourcesBuildPhase section */

/* Begin PBXSourcesBuildPhase section */
		8E39A9C61D98CF2E00D3F80E /* Sources */ = {
			isa = PBXSourcesBuildPhase;
			buildActionMask = 2147483647;
			files = (
				8E39A9D01D98CF2E00D3F80E /* ViewController.swift in Sources */,
				8E39A9CE1D98CF2E00D3F80E /* AppDelegate.swift in Sources */,
			);
			runOnlyForDeploymentPostprocessing = 0;
		};
/* End PBXSourcesBuildPhase section */

/* Begin PBXVariantGroup section */
		8E39A9D11D98CF2E00D3F80E /* Main.storyboard */ = {
			isa = PBXVariantGroup;
			children = (
				8E39A9D21D98CF2E00D3F80E /* Base */,
			);
			name = Main.storyboard;
			sourceTree = "<group>";
		};
		8E39A9D61D98CF2E00D3F80E /* LaunchScreen.storyboard */ = {
			isa = PBXVariantGroup;
			children = (
				8E39A9D71D98CF2E00D3F80E /* Base */,
			);
			name = LaunchScreen.storyboard;
			sourceTree = "<group>";
		};
/* End PBXVariantGroup section */

/* Begin XCBuildConfiguration section */
		8E39A9DA1D98CF2E00D3F80E /* Debug */ = {
			isa = XCBuildConfiguration;
			buildSettings = {
				ALWAYS_SEARCH_USER_PATHS = NO;
				CLANG_ANALYZER_NONNULL = YES;
				CLANG_CXX_LANGUAGE_STANDARD = "gnu++0x";
				CLANG_CXX_LIBRARY = "libc++";
				CLANG_ENABLE_MODULES = YES;
				CLANG_ENABLE_OBJC_ARC = YES;
				CLANG_WARN_BOOL_CONVERSION = YES;
				CLANG_WARN_CONSTANT_CONVERSION = YES;
				CLANG_WARN_DIRECT_OBJC_ISA_USAGE = YES_ERROR;
				CLANG_WARN_DOCUMENTATION_COMMENTS = YES;
				CLANG_WARN_EMPTY_BODY = YES;
				CLANG_WARN_ENUM_CONVERSION = YES;
				CLANG_WARN_INFINITE_RECURSION = YES;
				CLANG_WARN_INT_CONVERSION = YES;
				CLANG_WARN_OBJC_ROOT_CLASS = YES_ERROR;
				CLANG_WARN_SUSPICIOUS_MOVES = YES;
				CLANG_WARN_UNREACHABLE_CODE = YES;
				CLANG_WARN__DUPLICATE_METHOD_MATCH = YES;
				"CODE_SIGN_IDENTITY[sdk=iphoneos*]" = "iPhone Developer";
				COPY_PHASE_STRIP = NO;
				DEBUG_INFORMATION_FORMAT = dwarf;
				ENABLE_STRICT_OBJC_MSGSEND = YES;
				ENABLE_TESTABILITY = YES;
				GCC_C_LANGUAGE_STANDARD = gnu99;
				GCC_DYNAMIC_NO_PIC = NO;
				GCC_NO_COMMON_BLOCKS = YES;
				GCC_OPTIMIZATION_LEVEL = 0;
				GCC_PREPROCESSOR_DEFINITIONS = (
					"DEBUG=1",
					"$(inherited)",
				);
				GCC_WARN_64_TO_32_BIT_CONVERSION = YES;
				GCC_WARN_ABOUT_RETURN_TYPE = YES_ERROR;
				GCC_WARN_UNDECLARED_SELECTOR = YES;
				GCC_WARN_UNINITIALIZED_AUTOS = YES_AGGRESSIVE;
				GCC_WARN_UNUSED_FUNCTION = YES;
				GCC_WARN_UNUSED_VARIABLE = YES;
				IPHONEOS_DEPLOYMENT_TARGET = 10.0;
				MTL_ENABLE_DEBUG_INFO = YES;
				ONLY_ACTIVE_ARCH = YES;
				SDKROOT = iphoneos;
				SWIFT_ACTIVE_COMPILATION_CONDITIONS = DEBUG;
				SWIFT_OPTIMIZATION_LEVEL = "-Onone";
			};
			name = Debug;
		};
		8E39A9DB1D98CF2E00D3F80E /* Release */ = {
			isa = XCBuildConfiguration;
			buildSettings = {
				ALWAYS_SEARCH_USER_PATHS = NO;
				CLANG_ANALYZER_NONNULL = YES;
				CLANG_CXX_LANGUAGE_STANDARD = "gnu++0x";
				CLANG_CXX_LIBRARY = "libc++";
				CLANG_ENABLE_MODULES = YES;
				CLANG_ENABLE_OBJC_ARC = YES;
				CLANG_WARN_BOOL_CONVERSION = YES;
				CLANG_WARN_CONSTANT_CONVERSION = YES;
				CLANG_WARN_DIRECT_OBJC_ISA_USAGE = YES_ERROR;
				CLANG_WARN_DOCUMENTATION_COMMENTS = YES;
				CLANG_WARN_EMPTY_BODY = YES;
				CLANG_WARN_ENUM_CONVERSION = YES;
				CLANG_WARN_INFINITE_RECURSION = YES;
				CLANG_WARN_INT_CONVERSION = YES;
				CLANG_WARN_OBJC_ROOT_CLASS = YES_ERROR;
				CLANG_WARN_SUSPICIOUS_MOVES = YES;
				CLANG_WARN_UNREACHABLE_CODE = YES;
				CLANG_WARN__DUPLICATE_METHOD_MATCH = YES;
				"CODE_SIGN_IDENTITY[sdk=iphoneos*]" = "iPhone Developer";
				COPY_PHASE_STRIP = NO;
				DEBUG_INFORMATION_FORMAT = "dwarf-with-dsym";
				ENABLE_NS_ASSERTIONS = NO;
				ENABLE_STRICT_OBJC_MSGSEND = YES;
				GCC_C_LANGUAGE_STANDARD = gnu99;
				GCC_NO_COMMON_BLOCKS = YES;
				GCC_WARN_64_TO_32_BIT_CONVERSION = YES;
				GCC_WARN_ABOUT_RETURN_TYPE = YES_ERROR;
				GCC_WARN_UNDECLARED_SELECTOR = YES;
				GCC_WARN_UNINITIALIZED_AUTOS = YES_AGGRESSIVE;
				GCC_WARN_UNUSED_FUNCTION = YES;
				GCC_WARN_UNUSED_VARIABLE = YES;
				IPHONEOS_DEPLOYMENT_TARGET = 10.0;
				MTL_ENABLE_DEBUG_INFO = NO;
				SDKROOT = iphoneos;
				SWIFT_OPTIMIZATION_LEVEL = "-Owholemodule";
				VALIDATE_PRODUCT = YES;
			};
			name = Release;
		};
		8E39A9DD1D98CF2E00D3F80E /* Debug */ = {
			isa = XCBuildConfiguration;
			buildSettings = {
				ASSETCATALOG_COMPILER_APPICON_NAME = AppIcon;
				INFOPLIST_FILE = "Millas a Metros/Info.plist";
				LD_RUNPATH_SEARCH_PATHS = "$(inherited) @executable_path/Frameworks";
				PRODUCT_BUNDLE_IDENTIFIER = "com.barcenas.Millas-a-Metros";
				PRODUCT_NAME = "$(TARGET_NAME)";
				SWIFT_VERSION = 3.0;
			};
			name = Debug;
		};
		8E39A9DE1D98CF2E00D3F80E /* Release */ = {
			isa = XCBuildConfiguration;
			buildSettings = {
				ASSETCATALOG_COMPILER_APPICON_NAME = AppIcon;
				INFOPLIST_FILE = "Millas a Metros/Info.plist";
				LD_RUNPATH_SEARCH_PATHS = "$(inherited) @executable_path/Frameworks";
				PRODUCT_BUNDLE_IDENTIFIER = "com.barcenas.Millas-a-Metros";
				PRODUCT_NAME = "$(TARGET_NAME)";
				SWIFT_VERSION = 3.0;
			};
			name = Release;
		};
/* End XCBuildConfiguration section */

/* Begin XCConfigurationList section */
		8E39A9C51D98CF2E00D3F80E /* Build configuration list for PBXProject "Millas a Metros" */ = {
			isa = XCConfigurationList;
			buildConfigurations = (
				8E39A9DA1D98CF2E00D3F80E /* Debug */,
				8E39A9DB1D98CF2E00D3F80E /* Release */,
			);
			defaultConfigurationIsVisible = 0;
			defaultConfigurationName = Release;
		};
		8E39A9DC1D98CF2E00D3F80E /* Build configuration list for PBXNativeTarget "Millas a Metros" */ = {
			isa = XCConfigurationList;
			buildConfigurations = (
				8E39A9DD1D98CF2E00D3F80E /* Debug */,
				8E39A9DE1D98CF2E00D3F80E /* Release */,
			);
			defaultConfigurationIsVisible = 0;
			defaultConfigurationName = Release;
		};
/* End XCConfigurationList section */
	};
	rootObject = 8E39A9C21D98CF2E00D3F80E /* Project object */;
}
